// !$*UTF8*$!
{
	archiveVersion = 1;
	classes = {
	};
	objectVersion = 56;
	objects = {

/* Begin PBXBuildFile section */
		007C07652B7E2024000BF046 /* AppDelegate.swift in Sources */ = {isa = PBXBuildFile; fileRef = 007C07642B7E2024000BF046 /* AppDelegate.swift */; };
		007C07672B7E2024000BF046 /* SceneDelegate.swift in Sources */ = {isa = PBXBuildFile; fileRef = 007C07662B7E2024000BF046 /* SceneDelegate.swift */; };
		007C076E2B7E2029000BF046 /* Assets.xcassets in Resources */ = {isa = PBXBuildFile; fileRef = 007C076D2B7E2029000BF046 /* Assets.xcassets */; };
		007C07712B7E2029000BF046 /* LaunchScreen.storyboard in Resources */ = {isa = PBXBuildFile; fileRef = 007C076F2B7E2029000BF046 /* LaunchScreen.storyboard */; };
		00A5D60435F0DFA48C4D6AF5 /* GeneratorInteractor.swift in Sources */ = {isa = PBXBuildFile; fileRef = C6A452FEE134827EF223403B /* GeneratorInteractor.swift */; };
		297138122CFC6B22F331A960 /* GeneratorConfigurator.swift in Sources */ = {isa = PBXBuildFile; fileRef = 712E04E8E9A965F55892E0B4 /* GeneratorConfigurator.swift */; };
		2AFEDCA8F0EB36196C692FE7 /* GeneratorRouterInput.swift in Sources */ = {isa = PBXBuildFile; fileRef = 2AB10C4E19DE65E4DCD505C7 /* GeneratorRouterInput.swift */; };
		2F9B3310A5834000EA2CC9F4 /* GeneratorViewInput.swift in Sources */ = {isa = PBXBuildFile; fileRef = 64946383FCE52AD3A443F033 /* GeneratorViewInput.swift */; };
		36BC165AB67999F0FB571205 /* DetailsInteractor.swift in Sources */ = {isa = PBXBuildFile; fileRef = 249F53E6221172737D16BEA7 /* DetailsInteractor.swift */; };
		40B337DC45A205DE055D9D94 /* DetailsViewController.swift in Sources */ = {isa = PBXBuildFile; fileRef = 3AAB73A87CCFAF68A660CE87 /* DetailsViewController.swift */; };
		44B1E5684834C3AAE40FF70E /* DetailsInteractorInput.swift in Sources */ = {isa = PBXBuildFile; fileRef = 7E36B6F79727DC16663DC289 /* DetailsInteractorInput.swift */; };
		4AA9DFB22541BEDCCAE42483 /* DetailsViewInput.swift in Sources */ = {isa = PBXBuildFile; fileRef = 33DC487E71920AF86495C4CA /* DetailsViewInput.swift */; };
		4D817B1EE7651CA206E4BCEB /* DetailsRouterInput.swift in Sources */ = {isa = PBXBuildFile; fileRef = BD03DB7415527679C8EE4BF0 /* DetailsRouterInput.swift */; };
		5150F7CA48D555189A7A8FCD /* DetailsConfigurator.swift in Sources */ = {isa = PBXBuildFile; fileRef = C3028D8220F56D0B902875D6 /* DetailsConfigurator.swift */; };
		543471E7AFAA5AF2A73D75AC /* DetailsModuleInput.swift in Sources */ = {isa = PBXBuildFile; fileRef = 098993F0983DE4170FAC6711 /* DetailsModuleInput.swift */; };
		6D5F74EEDB7DD99F2C239C36 /* DetailsInteractorOutput.swift in Sources */ = {isa = PBXBuildFile; fileRef = 6408C4F7CD0A42C265913B80 /* DetailsInteractorOutput.swift */; };
		7692F9D2BE7673C604047394 /* GeneratorRouter.swift in Sources */ = {isa = PBXBuildFile; fileRef = 278D7706706DF345DC565394 /* GeneratorRouter.swift */; };
		7ACCB20EF27927614BB140F3 /* GeneratorModuleInput.swift in Sources */ = {isa = PBXBuildFile; fileRef = A747CB061B04ADBDF84FB8E9 /* GeneratorModuleInput.swift */; };
		88A9F2A91B81E92298C6723B /* GeneratorInteractorOutput.swift in Sources */ = {isa = PBXBuildFile; fileRef = 0FB2172CA204BB7C9065CA01 /* GeneratorInteractorOutput.swift */; };
		8AD4833CA100FFB7E879F23B /* GeneratorInteractorInput.swift in Sources */ = {isa = PBXBuildFile; fileRef = 846C21B10A8235775C3BDE6B /* GeneratorInteractorInput.swift */; };
		936FDE120534941AB4F70E09 /* GeneratorPresenter.swift in Sources */ = {isa = PBXBuildFile; fileRef = F9AF392C886664C6C2A391FF /* GeneratorPresenter.swift */; };
		940ECC0B87D633C391F1EAC9 /* GeneratorViewOutput.swift in Sources */ = {isa = PBXBuildFile; fileRef = 8884E9FB9AE44F744E003816 /* GeneratorViewOutput.swift */; };
		DAE1D641996FAB0ACB8CF091 /* DetailsViewOutput.swift in Sources */ = {isa = PBXBuildFile; fileRef = DE6B66AE94194694F6D6D404 /* DetailsViewOutput.swift */; };
		E0F047EE4D267C15CC9AE6B6 /* DetailsPresenter.swift in Sources */ = {isa = PBXBuildFile; fileRef = B825162D5D9CAFD51F8226A6 /* DetailsPresenter.swift */; };
		EB2E1316BB1DA38C87539283 /* GeneratorViewController.swift in Sources */ = {isa = PBXBuildFile; fileRef = 2705FB2C54C2DCCC707CC283 /* GeneratorViewController.swift */; };
		EB7FCC88097C07AE39ED6B55 /* DetailsRouter.swift in Sources */ = {isa = PBXBuildFile; fileRef = 5DAA369E6F975874F8555B1F /* DetailsRouter.swift */; };
/* End PBXBuildFile section */

/* Begin PBXFileReference section */
		007C07612B7E2024000BF046 /* ViperExample.app */ = {isa = PBXFileReference; explicitFileType = wrapper.application; includeInIndex = 0; name = ViperExample.app; path = "/Users/daniilwork/XCodeProjects/ViperExample/build/Debug-iphoneos/ViperExample.app"; sourceTree = "<absolute>"; };
		007C07642B7E2024000BF046 /* AppDelegate.swift */ = {isa = PBXFileReference; lastKnownFileType = sourcecode.swift; path = AppDelegate.swift; sourceTree = "<group>"; };
		007C07662B7E2024000BF046 /* SceneDelegate.swift */ = {isa = PBXFileReference; lastKnownFileType = sourcecode.swift; path = SceneDelegate.swift; sourceTree = "<group>"; };
		007C076D2B7E2029000BF046 /* Assets.xcassets */ = {isa = PBXFileReference; lastKnownFileType = folder.assetcatalog; path = Assets.xcassets; sourceTree = "<group>"; };
		007C07702B7E2029000BF046 /* Base */ = {isa = PBXFileReference; lastKnownFileType = file.storyboard; name = Base; path = Base.lproj/LaunchScreen.storyboard; sourceTree = "<group>"; };
		007C07722B7E2029000BF046 /* Info.plist */ = {isa = PBXFileReference; lastKnownFileType = text.plist.xml; path = Info.plist; sourceTree = "<group>"; };
		098993F0983DE4170FAC6711 /* DetailsModuleInput.swift */ = {isa = PBXFileReference; includeInIndex = 1; lastKnownFileType = sourcecode.swift; path = DetailsModuleInput.swift; sourceTree = "<group>"; };
		0FB2172CA204BB7C9065CA01 /* GeneratorInteractorOutput.swift */ = {isa = PBXFileReference; includeInIndex = 1; lastKnownFileType = sourcecode.swift; path = GeneratorInteractorOutput.swift; sourceTree = "<group>"; };
		249F53E6221172737D16BEA7 /* DetailsInteractor.swift */ = {isa = PBXFileReference; includeInIndex = 1; lastKnownFileType = sourcecode.swift; path = DetailsInteractor.swift; sourceTree = "<group>"; };
		2705FB2C54C2DCCC707CC283 /* GeneratorViewController.swift */ = {isa = PBXFileReference; includeInIndex = 1; lastKnownFileType = sourcecode.swift; path = GeneratorViewController.swift; sourceTree = "<group>"; };
		278D7706706DF345DC565394 /* GeneratorRouter.swift */ = {isa = PBXFileReference; includeInIndex = 1; lastKnownFileType = sourcecode.swift; path = GeneratorRouter.swift; sourceTree = "<group>"; };
		2AB10C4E19DE65E4DCD505C7 /* GeneratorRouterInput.swift */ = {isa = PBXFileReference; includeInIndex = 1; lastKnownFileType = sourcecode.swift; path = GeneratorRouterInput.swift; sourceTree = "<group>"; };
		33DC487E71920AF86495C4CA /* DetailsViewInput.swift */ = {isa = PBXFileReference; includeInIndex = 1; lastKnownFileType = sourcecode.swift; path = DetailsViewInput.swift; sourceTree = "<group>"; };
		3AAB73A87CCFAF68A660CE87 /* DetailsViewController.swift */ = {isa = PBXFileReference; includeInIndex = 1; lastKnownFileType = sourcecode.swift; path = DetailsViewController.swift; sourceTree = "<group>"; };
		5DAA369E6F975874F8555B1F /* DetailsRouter.swift */ = {isa = PBXFileReference; includeInIndex = 1; lastKnownFileType = sourcecode.swift; path = DetailsRouter.swift; sourceTree = "<group>"; };
		6408C4F7CD0A42C265913B80 /* DetailsInteractorOutput.swift */ = {isa = PBXFileReference; includeInIndex = 1; lastKnownFileType = sourcecode.swift; path = DetailsInteractorOutput.swift; sourceTree = "<group>"; };
		64946383FCE52AD3A443F033 /* GeneratorViewInput.swift */ = {isa = PBXFileReference; includeInIndex = 1; lastKnownFileType = sourcecode.swift; path = GeneratorViewInput.swift; sourceTree = "<group>"; };
		712E04E8E9A965F55892E0B4 /* GeneratorConfigurator.swift */ = {isa = PBXFileReference; includeInIndex = 1; lastKnownFileType = sourcecode.swift; path = GeneratorConfigurator.swift; sourceTree = "<group>"; };
		7E36B6F79727DC16663DC289 /* DetailsInteractorInput.swift */ = {isa = PBXFileReference; includeInIndex = 1; lastKnownFileType = sourcecode.swift; path = DetailsInteractorInput.swift; sourceTree = "<group>"; };
		846C21B10A8235775C3BDE6B /* GeneratorInteractorInput.swift */ = {isa = PBXFileReference; includeInIndex = 1; lastKnownFileType = sourcecode.swift; path = GeneratorInteractorInput.swift; sourceTree = "<group>"; };
		8884E9FB9AE44F744E003816 /* GeneratorViewOutput.swift */ = {isa = PBXFileReference; includeInIndex = 1; lastKnownFileType = sourcecode.swift; path = GeneratorViewOutput.swift; sourceTree = "<group>"; };
		A747CB061B04ADBDF84FB8E9 /* GeneratorModuleInput.swift */ = {isa = PBXFileReference; includeInIndex = 1; lastKnownFileType = sourcecode.swift; path = GeneratorModuleInput.swift; sourceTree = "<group>"; };
		B825162D5D9CAFD51F8226A6 /* DetailsPresenter.swift */ = {isa = PBXFileReference; includeInIndex = 1; lastKnownFileType = sourcecode.swift; path = DetailsPresenter.swift; sourceTree = "<group>"; };
		BD03DB7415527679C8EE4BF0 /* DetailsRouterInput.swift */ = {isa = PBXFileReference; includeInIndex = 1; lastKnownFileType = sourcecode.swift; path = DetailsRouterInput.swift; sourceTree = "<group>"; };
		C3028D8220F56D0B902875D6 /* DetailsConfigurator.swift */ = {isa = PBXFileReference; includeInIndex = 1; lastKnownFileType = sourcecode.swift; path = DetailsConfigurator.swift; sourceTree = "<group>"; };
		C6A452FEE134827EF223403B /* GeneratorInteractor.swift */ = {isa = PBXFileReference; includeInIndex = 1; lastKnownFileType = sourcecode.swift; path = GeneratorInteractor.swift; sourceTree = "<group>"; };
		DE6B66AE94194694F6D6D404 /* DetailsViewOutput.swift */ = {isa = PBXFileReference; includeInIndex = 1; lastKnownFileType = sourcecode.swift; path = DetailsViewOutput.swift; sourceTree = "<group>"; };
		F9AF392C886664C6C2A391FF /* GeneratorPresenter.swift */ = {isa = PBXFileReference; includeInIndex = 1; lastKnownFileType = sourcecode.swift; path = GeneratorPresenter.swift; sourceTree = "<group>"; };
/* End PBXFileReference section */

/* Begin PBXFrameworksBuildPhase section */
		007C075E2B7E2024000BF046 /* Frameworks */ = {
			isa = PBXFrameworksBuildPhase;
			buildActionMask = 2147483647;
			files = (
			);
			runOnlyForDeploymentPostprocessing = 0;
		};
/* End PBXFrameworksBuildPhase section */

/* Begin PBXGroup section */
		007C07582B7E2024000BF046 = {
			isa = PBXGroup;
			children = (
				007C07632B7E2024000BF046 /* ViperExample */,
			);
			sourceTree = "<group>";
		};
		007C07632B7E2024000BF046 /* ViperExample */ = {
			isa = PBXGroup;
			children = (
				007C07782B7E22F0000BF046 /* Sources */,
				007C077F2B7E2452000BF046 /* Resources */,
			);
			path = ViperExample;
			sourceTree = "<group>";
		};
		007C07782B7E22F0000BF046 /* Sources */ = {
			isa = PBXGroup;
			children = (
				007C07792B7E22F8000BF046 /* App */,
				007C077A2B7E23AD000BF046 /* Modules */,
			);
			path = Sources;
			sourceTree = "<group>";
		};
		007C07792B7E22F8000BF046 /* App */ = {
			isa = PBXGroup;
			children = (
				007C07642B7E2024000BF046 /* AppDelegate.swift */,
				007C07662B7E2024000BF046 /* SceneDelegate.swift */,
			);
			path = App;
			sourceTree = "<group>";
		};
		007C077A2B7E23AD000BF046 /* Modules */ = {
			isa = PBXGroup;
			children = (
				16C19C010408A84FD5C5441F /* Details */,
				63A4485E447CDDECBE804331 /* Generator */,
			);
			path = Modules;
			sourceTree = "<group>";
		};
		007C077F2B7E2452000BF046 /* Resources */ = {
			isa = PBXGroup;
			children = (
				007C076D2B7E2029000BF046 /* Assets.xcassets */,
				007C076F2B7E2029000BF046 /* LaunchScreen.storyboard */,
				007C07802B7E2461000BF046 /* Configuration */,
			);
			path = Resources;
			sourceTree = "<group>";
		};
		007C07802B7E2461000BF046 /* Configuration */ = {
			isa = PBXGroup;
			children = (
				007C07722B7E2029000BF046 /* Info.plist */,
			);
			path = Configuration;
			sourceTree = "<group>";
		};
		0C4AAB6D1319CD9F8B8468CD /* Configurator */ = {
			isa = PBXGroup;
			children = (
				712E04E8E9A965F55892E0B4 /* GeneratorConfigurator.swift */,
			);
			path = Configurator;
			sourceTree = "<group>";
		};
		0DCC828765977CFA6CA73345 /* Router */ = {
			isa = PBXGroup;
			children = (
				2AB10C4E19DE65E4DCD505C7 /* GeneratorRouterInput.swift */,
				278D7706706DF345DC565394 /* GeneratorRouter.swift */,
			);
			path = Router;
			sourceTree = "<group>";
		};
		16C19C010408A84FD5C5441F /* Details */ = {
			isa = PBXGroup;
			children = (
				3F54AC038C7F7AD2AA3CC22D /* View */,
				AF5353F3F6FBCCC4C5A07A7C /* Presenter */,
				5DAC685800CB0935801F38A5 /* Interactor */,
				39615E6B17644C97E00D82BB /* Router */,
				77A44881A5358FBC40904C91 /* Configurator */,
			);
			path = Details;
			sourceTree = "<group>";
		};
		39615E6B17644C97E00D82BB /* Router */ = {
			isa = PBXGroup;
			children = (
				BD03DB7415527679C8EE4BF0 /* DetailsRouterInput.swift */,
				5DAA369E6F975874F8555B1F /* DetailsRouter.swift */,
			);
			path = Router;
			sourceTree = "<group>";
		};
		3F54AC038C7F7AD2AA3CC22D /* View */ = {
			isa = PBXGroup;
			children = (
				33DC487E71920AF86495C4CA /* DetailsViewInput.swift */,
				DE6B66AE94194694F6D6D404 /* DetailsViewOutput.swift */,
				3AAB73A87CCFAF68A660CE87 /* DetailsViewController.swift */,
			);
			path = View;
			sourceTree = "<group>";
		};
		5DAC685800CB0935801F38A5 /* Interactor */ = {
			isa = PBXGroup;
			children = (
				7E36B6F79727DC16663DC289 /* DetailsInteractorInput.swift */,
				6408C4F7CD0A42C265913B80 /* DetailsInteractorOutput.swift */,
				249F53E6221172737D16BEA7 /* DetailsInteractor.swift */,
			);
			path = Interactor;
			sourceTree = "<group>";
		};
		5EBAD2D545599A7FB5FFFB69 /* View */ = {
			isa = PBXGroup;
			children = (
				64946383FCE52AD3A443F033 /* GeneratorViewInput.swift */,
				8884E9FB9AE44F744E003816 /* GeneratorViewOutput.swift */,
				2705FB2C54C2DCCC707CC283 /* GeneratorViewController.swift */,
			);
			path = View;
			sourceTree = "<group>";
		};
		63A4485E447CDDECBE804331 /* Generator */ = {
			isa = PBXGroup;
			children = (
				5EBAD2D545599A7FB5FFFB69 /* View */,
				84E94D956EE509E4B3F240EF /* Presenter */,
				DC4DCA4EE87F4D386E274CCC /* Interactor */,
				0DCC828765977CFA6CA73345 /* Router */,
				0C4AAB6D1319CD9F8B8468CD /* Configurator */,
			);
			path = Generator;
			sourceTree = "<group>";
		};
		77A44881A5358FBC40904C91 /* Configurator */ = {
			isa = PBXGroup;
			children = (
				C3028D8220F56D0B902875D6 /* DetailsConfigurator.swift */,
			);
			path = Configurator;
			sourceTree = "<group>";
		};
		84E94D956EE509E4B3F240EF /* Presenter */ = {
			isa = PBXGroup;
			children = (
				A747CB061B04ADBDF84FB8E9 /* GeneratorModuleInput.swift */,
				F9AF392C886664C6C2A391FF /* GeneratorPresenter.swift */,
			);
			path = Presenter;
			sourceTree = "<group>";
		};
		AF5353F3F6FBCCC4C5A07A7C /* Presenter */ = {
			isa = PBXGroup;
			children = (
				098993F0983DE4170FAC6711 /* DetailsModuleInput.swift */,
				B825162D5D9CAFD51F8226A6 /* DetailsPresenter.swift */,
			);
			path = Presenter;
			sourceTree = "<group>";
		};
		DC4DCA4EE87F4D386E274CCC /* Interactor */ = {
			isa = PBXGroup;
			children = (
				846C21B10A8235775C3BDE6B /* GeneratorInteractorInput.swift */,
				0FB2172CA204BB7C9065CA01 /* GeneratorInteractorOutput.swift */,
				C6A452FEE134827EF223403B /* GeneratorInteractor.swift */,
			);
			path = Interactor;
			sourceTree = "<group>";
		};
/* End PBXGroup section */

/* Begin PBXNativeTarget section */
		007C07602B7E2024000BF046 /* ViperExample */ = {
			isa = PBXNativeTarget;
			buildConfigurationList = 007C07752B7E2029000BF046 /* Build configuration list for PBXNativeTarget "ViperExample" */;
			buildPhases = (
				007C075D2B7E2024000BF046 /* Sources */,
				007C075E2B7E2024000BF046 /* Frameworks */,
				007C075F2B7E2024000BF046 /* Resources */,
			);
			buildRules = (
			);
			dependencies = (
			);
			name = ViperExample;
			packageProductDependencies = (
				007C07832B7E470B000BF046 /* SnapKit */,
			);
			productName = ViperExample;
			productReference = 007C07812B7E36BA000BF046 /* ViperExample.app */;
			productType = "com.apple.product-type.application";
		};
/* End PBXNativeTarget section */

/* Begin PBXProject section */
		007C07592B7E2024000BF046 /* Project object */ = {
			isa = PBXProject;
			attributes = {
				BuildIndependentTargetsInParallel = 1;
				LastSwiftUpdateCheck = 1520;
				LastUpgradeCheck = 1520;
				TargetAttributes = {
					007C07602B7E2024000BF046 = {
						CreatedOnToolsVersion = 15.2;
					};
				};
			};
			buildConfigurationList = 007C075C2B7E2024000BF046 /* Build configuration list for PBXProject "ViperExample" */;
			compatibilityVersion = "Xcode 14.0";
			developmentRegion = en;
			hasScannedForEncodings = 0;
			knownRegions = (
				en,
				Base,
			);
			mainGroup = 007C07582B7E2024000BF046;
			packageReferences = (
				007C07822B7E470B000BF046 /* XCRemoteSwiftPackageReference "SnapKit" */,
			);
			productRefGroup = 007C07582B7E2024000BF046;
			projectDirPath = "";
			projectRoot = "";
			targets = (
				007C07602B7E2024000BF046 /* ViperExample */,
			);
		};
/* End PBXProject section */

/* Begin PBXResourcesBuildPhase section */
		007C075F2B7E2024000BF046 /* Resources */ = {
			isa = PBXResourcesBuildPhase;
			buildActionMask = 2147483647;
			files = (
				007C07712B7E2029000BF046 /* LaunchScreen.storyboard in Resources */,
				007C076E2B7E2029000BF046 /* Assets.xcassets in Resources */,
			);
			runOnlyForDeploymentPostprocessing = 0;
		};
/* End PBXResourcesBuildPhase section */

/* Begin PBXSourcesBuildPhase section */
		007C075D2B7E2024000BF046 /* Sources */ = {
			isa = PBXSourcesBuildPhase;
			buildActionMask = 2147483647;
			files = (
				007C07652B7E2024000BF046 /* AppDelegate.swift in Sources */,
				007C07672B7E2024000BF046 /* SceneDelegate.swift in Sources */,
				2F9B3310A5834000EA2CC9F4 /* GeneratorViewInput.swift in Sources */,
				940ECC0B87D633C391F1EAC9 /* GeneratorViewOutput.swift in Sources */,
				EB2E1316BB1DA38C87539283 /* GeneratorViewController.swift in Sources */,
				7ACCB20EF27927614BB140F3 /* GeneratorModuleInput.swift in Sources */,
				936FDE120534941AB4F70E09 /* GeneratorPresenter.swift in Sources */,
				8AD4833CA100FFB7E879F23B /* GeneratorInteractorInput.swift in Sources */,
				88A9F2A91B81E92298C6723B /* GeneratorInteractorOutput.swift in Sources */,
				00A5D60435F0DFA48C4D6AF5 /* GeneratorInteractor.swift in Sources */,
				2AFEDCA8F0EB36196C692FE7 /* GeneratorRouterInput.swift in Sources */,
				7692F9D2BE7673C604047394 /* GeneratorRouter.swift in Sources */,
				297138122CFC6B22F331A960 /* GeneratorConfigurator.swift in Sources */,
				4AA9DFB22541BEDCCAE42483 /* DetailsViewInput.swift in Sources */,
				DAE1D641996FAB0ACB8CF091 /* DetailsViewOutput.swift in Sources */,
				40B337DC45A205DE055D9D94 /* DetailsViewController.swift in Sources */,
				543471E7AFAA5AF2A73D75AC /* DetailsModuleInput.swift in Sources */,
				E0F047EE4D267C15CC9AE6B6 /* DetailsPresenter.swift in Sources */,
				44B1E5684834C3AAE40FF70E /* DetailsInteractorInput.swift in Sources */,
				6D5F74EEDB7DD99F2C239C36 /* DetailsInteractorOutput.swift in Sources */,
				36BC165AB67999F0FB571205 /* DetailsInteractor.swift in Sources */,
				4D817B1EE7651CA206E4BCEB /* DetailsRouterInput.swift in Sources */,
				EB7FCC88097C07AE39ED6B55 /* DetailsRouter.swift in Sources */,
				5150F7CA48D555189A7A8FCD /* DetailsConfigurator.swift in Sources */,
			);
			runOnlyForDeploymentPostprocessing = 0;
		};
/* End PBXSourcesBuildPhase section */

/* Begin PBXVariantGroup section */
		007C076F2B7E2029000BF046 /* LaunchScreen.storyboard */ = {
			isa = PBXVariantGroup;
			children = (
				007C07702B7E2029000BF046 /* Base */,
			);
			name = LaunchScreen.storyboard;
			sourceTree = "<group>";
		};
/* End PBXVariantGroup section */

/* Begin XCBuildConfiguration section */
		007C07732B7E2029000BF046 /* Debug */ = {
			isa = XCBuildConfiguration;
			buildSettings = {
				ALWAYS_SEARCH_USER_PATHS = NO;
				ASSETCATALOG_COMPILER_GENERATE_SWIFT_ASSET_SYMBOL_EXTENSIONS = YES;
				CLANG_ANALYZER_NONNULL = YES;
				CLANG_ANALYZER_NUMBER_OBJECT_CONVERSION = YES_AGGRESSIVE;
				CLANG_CXX_LANGUAGE_STANDARD = "gnu++20";
				CLANG_ENABLE_MODULES = YES;
				CLANG_ENABLE_OBJC_ARC = YES;
				CLANG_ENABLE_OBJC_WEAK = YES;
				CLANG_WARN_BLOCK_CAPTURE_AUTORELEASING = YES;
				CLANG_WARN_BOOL_CONVERSION = YES;
				CLANG_WARN_COMMA = YES;
				CLANG_WARN_CONSTANT_CONVERSION = YES;
				CLANG_WARN_DEPRECATED_OBJC_IMPLEMENTATIONS = YES;
				CLANG_WARN_DIRECT_OBJC_ISA_USAGE = YES_ERROR;
				CLANG_WARN_DOCUMENTATION_COMMENTS = YES;
				CLANG_WARN_EMPTY_BODY = YES;
				CLANG_WARN_ENUM_CONVERSION = YES;
				CLANG_WARN_INFINITE_RECURSION = YES;
				CLANG_WARN_INT_CONVERSION = YES;
				CLANG_WARN_NON_LITERAL_NULL_CONVERSION = YES;
				CLANG_WARN_OBJC_IMPLICIT_RETAIN_SELF = YES;
				CLANG_WARN_OBJC_LITERAL_CONVERSION = YES;
				CLANG_WARN_OBJC_ROOT_CLASS = YES_ERROR;
				CLANG_WARN_QUOTED_INCLUDE_IN_FRAMEWORK_HEADER = YES;
				CLANG_WARN_RANGE_LOOP_ANALYSIS = YES;
				CLANG_WARN_STRICT_PROTOTYPES = YES;
				CLANG_WARN_SUSPICIOUS_MOVE = YES;
				CLANG_WARN_UNGUARDED_AVAILABILITY = YES_AGGRESSIVE;
				CLANG_WARN_UNREACHABLE_CODE = YES;
				CLANG_WARN__DUPLICATE_METHOD_MATCH = YES;
				COPY_PHASE_STRIP = NO;
				DEBUG_INFORMATION_FORMAT = dwarf;
				ENABLE_STRICT_OBJC_MSGSEND = YES;
				ENABLE_TESTABILITY = YES;
				ENABLE_USER_SCRIPT_SANDBOXING = YES;
				GCC_C_LANGUAGE_STANDARD = gnu17;
				GCC_DYNAMIC_NO_PIC = NO;
				GCC_NO_COMMON_BLOCKS = YES;
				GCC_OPTIMIZATION_LEVEL = 0;
				GCC_PREPROCESSOR_DEFINITIONS = (
					"DEBUG=1",
					"$(inherited)",
				);
				GCC_WARN_64_TO_32_BIT_CONVERSION = YES;
				GCC_WARN_ABOUT_RETURN_TYPE = YES_ERROR;
				GCC_WARN_UNDECLARED_SELECTOR = YES;
				GCC_WARN_UNINITIALIZED_AUTOS = YES_AGGRESSIVE;
				GCC_WARN_UNUSED_FUNCTION = YES;
				GCC_WARN_UNUSED_VARIABLE = YES;
				IPHONEOS_DEPLOYMENT_TARGET = 17.2;
				LOCALIZATION_PREFERS_STRING_CATALOGS = YES;
				MTL_ENABLE_DEBUG_INFO = INCLUDE_SOURCE;
				MTL_FAST_MATH = YES;
				ONLY_ACTIVE_ARCH = YES;
				SDKROOT = iphoneos;
				SWIFT_ACTIVE_COMPILATION_CONDITIONS = "DEBUG $(inherited)";
				SWIFT_OPTIMIZATION_LEVEL = "-Onone";
			};
			name = Debug;
		};
		007C07742B7E2029000BF046 /* Release */ = {
			isa = XCBuildConfiguration;
			buildSettings = {
				ALWAYS_SEARCH_USER_PATHS = NO;
				ASSETCATALOG_COMPILER_GENERATE_SWIFT_ASSET_SYMBOL_EXTENSIONS = YES;
				CLANG_ANALYZER_NONNULL = YES;
				CLANG_ANALYZER_NUMBER_OBJECT_CONVERSION = YES_AGGRESSIVE;
				CLANG_CXX_LANGUAGE_STANDARD = "gnu++20";
				CLANG_ENABLE_MODULES = YES;
				CLANG_ENABLE_OBJC_ARC = YES;
				CLANG_ENABLE_OBJC_WEAK = YES;
				CLANG_WARN_BLOCK_CAPTURE_AUTORELEASING = YES;
				CLANG_WARN_BOOL_CONVERSION = YES;
				CLANG_WARN_COMMA = YES;
				CLANG_WARN_CONSTANT_CONVERSION = YES;
				CLANG_WARN_DEPRECATED_OBJC_IMPLEMENTATIONS = YES;
				CLANG_WARN_DIRECT_OBJC_ISA_USAGE = YES_ERROR;
				CLANG_WARN_DOCUMENTATION_COMMENTS = YES;
				CLANG_WARN_EMPTY_BODY = YES;
				CLANG_WARN_ENUM_CONVERSION = YES;
				CLANG_WARN_INFINITE_RECURSION = YES;
				CLANG_WARN_INT_CONVERSION = YES;
				CLANG_WARN_NON_LITERAL_NULL_CONVERSION = YES;
				CLANG_WARN_OBJC_IMPLICIT_RETAIN_SELF = YES;
				CLANG_WARN_OBJC_LITERAL_CONVERSION = YES;
				CLANG_WARN_OBJC_ROOT_CLASS = YES_ERROR;
				CLANG_WARN_QUOTED_INCLUDE_IN_FRAMEWORK_HEADER = YES;
				CLANG_WARN_RANGE_LOOP_ANALYSIS = YES;
				CLANG_WARN_STRICT_PROTOTYPES = YES;
				CLANG_WARN_SUSPICIOUS_MOVE = YES;
				CLANG_WARN_UNGUARDED_AVAILABILITY = YES_AGGRESSIVE;
				CLANG_WARN_UNREACHABLE_CODE = YES;
				CLANG_WARN__DUPLICATE_METHOD_MATCH = YES;
				COPY_PHASE_STRIP = NO;
				DEBUG_INFORMATION_FORMAT = "dwarf-with-dsym";
				ENABLE_NS_ASSERTIONS = NO;
				ENABLE_STRICT_OBJC_MSGSEND = YES;
				ENABLE_USER_SCRIPT_SANDBOXING = YES;
				GCC_C_LANGUAGE_STANDARD = gnu17;
				GCC_NO_COMMON_BLOCKS = YES;
				GCC_WARN_64_TO_32_BIT_CONVERSION = YES;
				GCC_WARN_ABOUT_RETURN_TYPE = YES_ERROR;
				GCC_WARN_UNDECLARED_SELECTOR = YES;
				GCC_WARN_UNINITIALIZED_AUTOS = YES_AGGRESSIVE;
				GCC_WARN_UNUSED_FUNCTION = YES;
				GCC_WARN_UNUSED_VARIABLE = YES;
				IPHONEOS_DEPLOYMENT_TARGET = 17.2;
				LOCALIZATION_PREFERS_STRING_CATALOGS = YES;
				MTL_ENABLE_DEBUG_INFO = NO;
				MTL_FAST_MATH = YES;
				SDKROOT = iphoneos;
				SWIFT_COMPILATION_MODE = wholemodule;
				VALIDATE_PRODUCT = YES;
			};
			name = Release;
		};
		007C07762B7E2029000BF046 /* Debug */ = {
			isa = XCBuildConfiguration;
			buildSettings = {
				ASSETCATALOG_COMPILER_APPICON_NAME = AppIcon;
				ASSETCATALOG_COMPILER_GLOBAL_ACCENT_COLOR_NAME = AccentColor;
				CODE_SIGN_STYLE = Automatic;
				CURRENT_PROJECT_VERSION = 1;
				DEVELOPMENT_TEAM = LLM6YPG7Q7;
				GENERATE_INFOPLIST_FILE = YES;
				INFOPLIST_FILE = ViperExample/Resources/Configuration/Info.plist;
				INFOPLIST_KEY_UIApplicationSupportsIndirectInputEvents = YES;
				INFOPLIST_KEY_UILaunchStoryboardName = LaunchScreen;
				INFOPLIST_KEY_UISupportedInterfaceOrientations = UIInterfaceOrientationPortrait;
				INFOPLIST_KEY_UISupportedInterfaceOrientations_iPad = "UIInterfaceOrientationLandscapeLeft UIInterfaceOrientationLandscapeRight UIInterfaceOrientationPortrait UIInterfaceOrientationPortraitUpsideDown";
				LD_RUNPATH_SEARCH_PATHS = (
					"$(inherited)",
					"@executable_path/Frameworks",
				);
				MARKETING_VERSION = 1.0;
				PRODUCT_BUNDLE_IDENTIFIER = com.example.ViperExample;
				PRODUCT_NAME = "$(TARGET_NAME)";
				SUPPORTED_PLATFORMS = "iphoneos iphonesimulator";
				SUPPORTS_MACCATALYST = NO;
				SUPPORTS_MAC_DESIGNED_FOR_IPHONE_IPAD = NO;
				SUPPORTS_XR_DESIGNED_FOR_IPHONE_IPAD = NO;
				SWIFT_EMIT_LOC_STRINGS = YES;
				SWIFT_VERSION = 5.0;
				TARGETED_DEVICE_FAMILY = 1;
			};
			name = Debug;
		};
		007C07772B7E2029000BF046 /* Release */ = {
			isa = XCBuildConfiguration;
			buildSettings = {
				ASSETCATALOG_COMPILER_APPICON_NAME = AppIcon;
				ASSETCATALOG_COMPILER_GLOBAL_ACCENT_COLOR_NAME = AccentColor;
				CODE_SIGN_STYLE = Automatic;
				CURRENT_PROJECT_VERSION = 1;
				DEVELOPMENT_TEAM = LLM6YPG7Q7;
				GENERATE_INFOPLIST_FILE = YES;
				INFOPLIST_FILE = ViperExample/Resources/Configuration/Info.plist;
				INFOPLIST_KEY_UIApplicationSupportsIndirectInputEvents = YES;
				INFOPLIST_KEY_UILaunchStoryboardName = LaunchScreen;
				INFOPLIST_KEY_UISupportedInterfaceOrientations = UIInterfaceOrientationPortrait;
				INFOPLIST_KEY_UISupportedInterfaceOrientations_iPad = "UIInterfaceOrientationLandscapeLeft UIInterfaceOrientationLandscapeRight UIInterfaceOrientationPortrait UIInterfaceOrientationPortraitUpsideDown";
				LD_RUNPATH_SEARCH_PATHS = (
					"$(inherited)",
					"@executable_path/Frameworks",
				);
				MARKETING_VERSION = 1.0;
				PRODUCT_BUNDLE_IDENTIFIER = com.example.ViperExample;
				PRODUCT_NAME = "$(TARGET_NAME)";
				SUPPORTED_PLATFORMS = "iphoneos iphonesimulator";
				SUPPORTS_MACCATALYST = NO;
				SUPPORTS_MAC_DESIGNED_FOR_IPHONE_IPAD = NO;
				SUPPORTS_XR_DESIGNED_FOR_IPHONE_IPAD = NO;
				SWIFT_EMIT_LOC_STRINGS = YES;
				SWIFT_VERSION = 5.0;
				TARGETED_DEVICE_FAMILY = 1;
			};
			name = Release;
		};
/* End XCBuildConfiguration section */

/* Begin XCConfigurationList section */
		007C075C2B7E2024000BF046 /* Build configuration list for PBXProject "ViperExample" */ = {
			isa = XCConfigurationList;
			buildConfigurations = (
				007C07732B7E2029000BF046 /* Debug */,
				007C07742B7E2029000BF046 /* Release */,
			);
			defaultConfigurationIsVisible = 0;
			defaultConfigurationName = Release;
		};
		007C07752B7E2029000BF046 /* Build configuration list for PBXNativeTarget "ViperExample" */ = {
			isa = XCConfigurationList;
			buildConfigurations = (
				007C07762B7E2029000BF046 /* Debug */,
				007C07772B7E2029000BF046 /* Release */,
			);
			defaultConfigurationIsVisible = 0;
			defaultConfigurationName = Release;
		};
/* End XCConfigurationList section */

/* Begin XCRemoteSwiftPackageReference section */
		007C07822B7E470B000BF046 /* XCRemoteSwiftPackageReference "SnapKit" */ = {
			isa = XCRemoteSwiftPackageReference;
			repositoryURL = "https://github.com/SnapKit/SnapKit.git";
			requirement = {
				kind = upToNextMajorVersion;
				minimumVersion = 5.7.0;
			};
		};
/* End XCRemoteSwiftPackageReference section */

/* Begin XCSwiftPackageProductDependency section */
		007C07832B7E470B000BF046 /* SnapKit */ = {
			isa = XCSwiftPackageProductDependency;
			package = 007C07822B7E470B000BF046 /* XCRemoteSwiftPackageReference "SnapKit" */;
			productName = SnapKit;
		};
/* End XCSwiftPackageProductDependency section */
	};
	rootObject = 007C07592B7E2024000BF046 /* Project object */;
}
